// !$*UTF8*$!
{
	archiveVersion = 1;
	classes = {
	};
	objectVersion = 50;
	objects = {

/* Begin PBXBuildFile section */
		2F852D7DA9FC97BCFD9E7B48 /* libPods-TextureTangram.a in Frameworks */ = {isa = PBXBuildFile; fileRef = 3F7BE0EF20EC4EA75CCB5038 /* libPods-TextureTangram.a */; };
		BC0B31DE212E9A9A00871CE1 /* TangramInlineLayoutComponent.m in Sources */ = {isa = PBXBuildFile; fileRef = BC0B31DD212E9A9A00871CE1 /* TangramInlineLayoutComponent.m */; };
		BC43AF54212159E700A2B9DE /* TangramLayoutComponent.m in Sources */ = {isa = PBXBuildFile; fileRef = BC43AF53212159E700A2B9DE /* TangramLayoutComponent.m */; };
		BC43AF5821216E5500A2B9DE /* TangramGridLayoutComponet.m in Sources */ = {isa = PBXBuildFile; fileRef = BC43AF5721216E5500A2B9DE /* TangramGridLayoutComponet.m */; };
		BCBA272A2118457D00E8C0AD /* AppDelegate.m in Sources */ = {isa = PBXBuildFile; fileRef = BCBA27292118457D00E8C0AD /* AppDelegate.m */; };
		BCBA272D2118457D00E8C0AD /* TangramNode.m in Sources */ = {isa = PBXBuildFile; fileRef = BCBA272C2118457D00E8C0AD /* TangramNode.m */; };
		BCBA27322118458000E8C0AD /* Assets.xcassets in Resources */ = {isa = PBXBuildFile; fileRef = BCBA27312118458000E8C0AD /* Assets.xcassets */; };
		BCBA27352118458000E8C0AD /* LaunchScreen.storyboard in Resources */ = {isa = PBXBuildFile; fileRef = BCBA27332118458000E8C0AD /* LaunchScreen.storyboard */; };
		BCBA27382118458000E8C0AD /* main.m in Sources */ = {isa = PBXBuildFile; fileRef = BCBA27372118458000E8C0AD /* main.m */; };
		BCBA27422118458000E8C0AD /* TextureTangramTests.m in Sources */ = {isa = PBXBuildFile; fileRef = BCBA27412118458000E8C0AD /* TextureTangramTests.m */; };
		BCDD2A332123FDA000BFFA37 /* TangramWaterFlowLayoutComponent.m in Sources */ = {isa = PBXBuildFile; fileRef = BCDD2A322123FDA000BFFA37 /* TangramWaterFlowLayoutComponent.m */; };
		CB01B8ED212069FD00DD9BE7 /* TangramCollectionViewLayout.m in Sources */ = {isa = PBXBuildFile; fileRef = CB01B8EC212069FD00DD9BE7 /* TangramCollectionViewLayout.m */; };
		CB3F0F30212325B7005B0AE5 /* ColorfulCellNode.m in Sources */ = {isa = PBXBuildFile; fileRef = CB3F0F2F212325B7005B0AE5 /* ColorfulCellNode.m */; };
		CB3F0F3321232621005B0AE5 /* ColorfulNodeInfo.m in Sources */ = {isa = PBXBuildFile; fileRef = CB3F0F3221232621005B0AE5 /* ColorfulNodeInfo.m */; };
		CB3F0F3621244D2D005B0AE5 /* TangramOnePlusLayoutComponent.m in Sources */ = {isa = PBXBuildFile; fileRef = CB3F0F3521244D2D005B0AE5 /* TangramOnePlusLayoutComponent.m */; };
		CBD64927212C5390004E8098 /* ColorWithInnerTextNode.m in Sources */ = {isa = PBXBuildFile; fileRef = CBD64926212C5390004E8098 /* ColorWithInnerTextNode.m */; };
		CBD6492A212C53E7004E8098 /* ColorWithInnerTextInfo.m in Sources */ = {isa = PBXBuildFile; fileRef = CBD64929212C53E7004E8098 /* ColorWithInnerTextInfo.m */; };
		CBD6492D212C56AB004E8098 /* TangramComponentDescriptor.m in Sources */ = {isa = PBXBuildFile; fileRef = CBD6492C212C56AB004E8098 /* TangramComponentDescriptor.m */; };
		CBD64930212C5964004E8098 /* TangramNodeRegistry.m in Sources */ = {isa = PBXBuildFile; fileRef = CBD6492F212C5964004E8098 /* TangramNodeRegistry.m */; };
		CBD64933212C5F34004E8098 /* TangramItemNode.m in Sources */ = {isa = PBXBuildFile; fileRef = CBD64932212C5F34004E8098 /* TangramItemNode.m */; };
		CBD64936212D9F1B004E8098 /* TangramHorizontalInlineLayoutComponent.m in Sources */ = {isa = PBXBuildFile; fileRef = CBD64935212D9F1B004E8098 /* TangramHorizontalInlineLayoutComponent.m */; };
		CBD64939212DA92D004E8098 /* TangramInlineHorizontalScrollableNode.m in Sources */ = {isa = PBXBuildFile; fileRef = CBD64938212DA92D004E8098 /* TangramInlineHorizontalScrollableNode.m */; };
		CBD6493C212DAA77004E8098 /* TangramInlineCellInfo.m in Sources */ = {isa = PBXBuildFile; fileRef = CBD6493B212DAA77004E8098 /* TangramInlineCellInfo.m */; };
		CBD6493F212F094A004E8098 /* DemoViewController.m in Sources */ = {isa = PBXBuildFile; fileRef = CBD6493E212F094A004E8098 /* DemoViewController.m */; };
		E77958A0D5E05468FC7F7104 /* libPods-TextureTangramTests.a in Frameworks */ = {isa = PBXBuildFile; fileRef = ED60A47DBD7B5D406656A6FF /* libPods-TextureTangramTests.a */; };
/* End PBXBuildFile section */

/* Begin PBXContainerItemProxy section */
		BCBA273E2118458000E8C0AD /* PBXContainerItemProxy */ = {
			isa = PBXContainerItemProxy;
			containerPortal = BCBA271D2118457D00E8C0AD /* Project object */;
			proxyType = 1;
			remoteGlobalIDString = BCBA27242118457D00E8C0AD;
			remoteInfo = TextureTangram;
		};
/* End PBXContainerItemProxy section */

/* Begin PBXFileReference section */
		3F7BE0EF20EC4EA75CCB5038 /* libPods-TextureTangram.a */ = {isa = PBXFileReference; explicitFileType = archive.ar; includeInIndex = 0; path = "libPods-TextureTangram.a"; sourceTree = BUILT_PRODUCTS_DIR; };
		88950BE613CEB6E77CBDBAD2 /* Pods-TextureTangram.debug.xcconfig */ = {isa = PBXFileReference; includeInIndex = 1; lastKnownFileType = text.xcconfig; name = "Pods-TextureTangram.debug.xcconfig"; path = "Pods/Target Support Files/Pods-TextureTangram/Pods-TextureTangram.debug.xcconfig"; sourceTree = "<group>"; };
		B5624ABFABBA8BF96F11636A /* Pods-TextureTangramTests.release.xcconfig */ = {isa = PBXFileReference; includeInIndex = 1; lastKnownFileType = text.xcconfig; name = "Pods-TextureTangramTests.release.xcconfig"; path = "Pods/Target Support Files/Pods-TextureTangramTests/Pods-TextureTangramTests.release.xcconfig"; sourceTree = "<group>"; };
		BC0B31DC212E9A9A00871CE1 /* TangramInlineLayoutComponent.h */ = {isa = PBXFileReference; lastKnownFileType = sourcecode.c.h; path = TangramInlineLayoutComponent.h; sourceTree = "<group>"; };
		BC0B31DD212E9A9A00871CE1 /* TangramInlineLayoutComponent.m */ = {isa = PBXFileReference; lastKnownFileType = sourcecode.c.objc; path = TangramInlineLayoutComponent.m; sourceTree = "<group>"; };
		BC43AF52212159E700A2B9DE /* TangramLayoutComponent.h */ = {isa = PBXFileReference; lastKnownFileType = sourcecode.c.h; path = TangramLayoutComponent.h; sourceTree = "<group>"; };
		BC43AF53212159E700A2B9DE /* TangramLayoutComponent.m */ = {isa = PBXFileReference; lastKnownFileType = sourcecode.c.objc; path = TangramLayoutComponent.m; sourceTree = "<group>"; };
		BC43AF55212162E900A2B9DE /* TangramComponentDescriptor.h */ = {isa = PBXFileReference; lastKnownFileType = sourcecode.c.h; path = TangramComponentDescriptor.h; sourceTree = "<group>"; };
		BC43AF5621216E5400A2B9DE /* TangramGridLayoutComponet.h */ = {isa = PBXFileReference; lastKnownFileType = sourcecode.c.h; path = TangramGridLayoutComponet.h; sourceTree = "<group>"; };
		BC43AF5721216E5500A2B9DE /* TangramGridLayoutComponet.m */ = {isa = PBXFileReference; lastKnownFileType = sourcecode.c.objc; path = TangramGridLayoutComponet.m; sourceTree = "<group>"; };
		BCBA27252118457D00E8C0AD /* TextureTangram.app */ = {isa = PBXFileReference; explicitFileType = wrapper.application; includeInIndex = 0; path = TextureTangram.app; sourceTree = BUILT_PRODUCTS_DIR; };
		BCBA27282118457D00E8C0AD /* AppDelegate.h */ = {isa = PBXFileReference; lastKnownFileType = sourcecode.c.h; path = AppDelegate.h; sourceTree = "<group>"; };
		BCBA27292118457D00E8C0AD /* AppDelegate.m */ = {isa = PBXFileReference; lastKnownFileType = sourcecode.c.objc; path = AppDelegate.m; sourceTree = "<group>"; };
		BCBA272B2118457D00E8C0AD /* TangramNode.h */ = {isa = PBXFileReference; lastKnownFileType = sourcecode.c.h; path = TangramNode.h; sourceTree = "<group>"; };
		BCBA272C2118457D00E8C0AD /* TangramNode.m */ = {isa = PBXFileReference; lastKnownFileType = sourcecode.c.objc; path = TangramNode.m; sourceTree = "<group>"; };
		BCBA27312118458000E8C0AD /* Assets.xcassets */ = {isa = PBXFileReference; lastKnownFileType = folder.assetcatalog; path = Assets.xcassets; sourceTree = "<group>"; };
		BCBA27342118458000E8C0AD /* Base */ = {isa = PBXFileReference; lastKnownFileType = file.storyboard; name = Base; path = Base.lproj/LaunchScreen.storyboard; sourceTree = "<group>"; };
		BCBA27362118458000E8C0AD /* Info.plist */ = {isa = PBXFileReference; lastKnownFileType = text.plist.xml; path = Info.plist; sourceTree = "<group>"; };
		BCBA27372118458000E8C0AD /* main.m */ = {isa = PBXFileReference; lastKnownFileType = sourcecode.c.objc; path = main.m; sourceTree = "<group>"; };
		BCBA273D2118458000E8C0AD /* TextureTangramTests.xctest */ = {isa = PBXFileReference; explicitFileType = wrapper.cfbundle; includeInIndex = 0; path = TextureTangramTests.xctest; sourceTree = BUILT_PRODUCTS_DIR; };
		BCBA27412118458000E8C0AD /* TextureTangramTests.m */ = {isa = PBXFileReference; lastKnownFileType = sourcecode.c.objc; path = TextureTangramTests.m; sourceTree = "<group>"; };
		BCBA27432118458000E8C0AD /* Info.plist */ = {isa = PBXFileReference; lastKnownFileType = text.plist.xml; path = Info.plist; sourceTree = "<group>"; };
		BCDD2A312123FDA000BFFA37 /* TangramWaterFlowLayoutComponent.h */ = {isa = PBXFileReference; lastKnownFileType = sourcecode.c.h; path = TangramWaterFlowLayoutComponent.h; sourceTree = "<group>"; };
		BCDD2A322123FDA000BFFA37 /* TangramWaterFlowLayoutComponent.m */ = {isa = PBXFileReference; lastKnownFileType = sourcecode.c.objc; path = TangramWaterFlowLayoutComponent.m; sourceTree = "<group>"; };
		BCDD2A4221256F3100BFFA37 /* README.md */ = {isa = PBXFileReference; fileEncoding = 4; lastKnownFileType = net.daringfireball.markdown; path = README.md; sourceTree = "<group>"; };
		CB01B8EB212069FD00DD9BE7 /* TangramCollectionViewLayout.h */ = {isa = PBXFileReference; lastKnownFileType = sourcecode.c.h; path = TangramCollectionViewLayout.h; sourceTree = "<group>"; };
		CB01B8EC212069FD00DD9BE7 /* TangramCollectionViewLayout.m */ = {isa = PBXFileReference; lastKnownFileType = sourcecode.c.objc; path = TangramCollectionViewLayout.m; sourceTree = "<group>"; };
		CB3F0F2E212325B6005B0AE5 /* ColorfulCellNode.h */ = {isa = PBXFileReference; fileEncoding = 4; lastKnownFileType = sourcecode.c.h; path = ColorfulCellNode.h; sourceTree = "<group>"; };
		CB3F0F2F212325B7005B0AE5 /* ColorfulCellNode.m */ = {isa = PBXFileReference; fileEncoding = 4; lastKnownFileType = sourcecode.c.objc; path = ColorfulCellNode.m; sourceTree = "<group>"; };
		CB3F0F3121232621005B0AE5 /* ColorfulNodeInfo.h */ = {isa = PBXFileReference; lastKnownFileType = sourcecode.c.h; path = ColorfulNodeInfo.h; sourceTree = "<group>"; };
		CB3F0F3221232621005B0AE5 /* ColorfulNodeInfo.m */ = {isa = PBXFileReference; lastKnownFileType = sourcecode.c.objc; path = ColorfulNodeInfo.m; sourceTree = "<group>"; };
		CB3F0F3421244D2D005B0AE5 /* TangramOnePlusLayoutComponent.h */ = {isa = PBXFileReference; lastKnownFileType = sourcecode.c.h; path = TangramOnePlusLayoutComponent.h; sourceTree = "<group>"; };
		CB3F0F3521244D2D005B0AE5 /* TangramOnePlusLayoutComponent.m */ = {isa = PBXFileReference; lastKnownFileType = sourcecode.c.objc; path = TangramOnePlusLayoutComponent.m; sourceTree = "<group>"; };
		CBD64925212C5390004E8098 /* ColorWithInnerTextNode.h */ = {isa = PBXFileReference; lastKnownFileType = sourcecode.c.h; path = ColorWithInnerTextNode.h; sourceTree = "<group>"; };
		CBD64926212C5390004E8098 /* ColorWithInnerTextNode.m */ = {isa = PBXFileReference; lastKnownFileType = sourcecode.c.objc; path = ColorWithInnerTextNode.m; sourceTree = "<group>"; };
		CBD64928212C53E6004E8098 /* ColorWithInnerTextInfo.h */ = {isa = PBXFileReference; lastKnownFileType = sourcecode.c.h; path = ColorWithInnerTextInfo.h; sourceTree = "<group>"; };
		CBD64929212C53E7004E8098 /* ColorWithInnerTextInfo.m */ = {isa = PBXFileReference; lastKnownFileType = sourcecode.c.objc; path = ColorWithInnerTextInfo.m; sourceTree = "<group>"; };
		CBD6492C212C56AB004E8098 /* TangramComponentDescriptor.m */ = {isa = PBXFileReference; lastKnownFileType = sourcecode.c.objc; path = TangramComponentDescriptor.m; sourceTree = "<group>"; };
		CBD6492E212C5964004E8098 /* TangramNodeRegistry.h */ = {isa = PBXFileReference; lastKnownFileType = sourcecode.c.h; path = TangramNodeRegistry.h; sourceTree = "<group>"; };
		CBD6492F212C5964004E8098 /* TangramNodeRegistry.m */ = {isa = PBXFileReference; lastKnownFileType = sourcecode.c.objc; path = TangramNodeRegistry.m; sourceTree = "<group>"; };
		CBD64931212C5F34004E8098 /* TangramItemNode.h */ = {isa = PBXFileReference; lastKnownFileType = sourcecode.c.h; path = TangramItemNode.h; sourceTree = "<group>"; };
		CBD64932212C5F34004E8098 /* TangramItemNode.m */ = {isa = PBXFileReference; lastKnownFileType = sourcecode.c.objc; path = TangramItemNode.m; sourceTree = "<group>"; };
		CBD64934212D9F1B004E8098 /* TangramHorizontalInlineLayoutComponent.h */ = {isa = PBXFileReference; lastKnownFileType = sourcecode.c.h; path = TangramHorizontalInlineLayoutComponent.h; sourceTree = "<group>"; };
		CBD64935212D9F1B004E8098 /* TangramHorizontalInlineLayoutComponent.m */ = {isa = PBXFileReference; lastKnownFileType = sourcecode.c.objc; path = TangramHorizontalInlineLayoutComponent.m; sourceTree = "<group>"; };
		CBD64937212DA92D004E8098 /* TangramInlineHorizontalScrollableNode.h */ = {isa = PBXFileReference; lastKnownFileType = sourcecode.c.h; path = TangramInlineHorizontalScrollableNode.h; sourceTree = "<group>"; };
		CBD64938212DA92D004E8098 /* TangramInlineHorizontalScrollableNode.m */ = {isa = PBXFileReference; lastKnownFileType = sourcecode.c.objc; path = TangramInlineHorizontalScrollableNode.m; sourceTree = "<group>"; };
		CBD6493A212DAA77004E8098 /* TangramInlineCellInfo.h */ = {isa = PBXFileReference; lastKnownFileType = sourcecode.c.h; path = TangramInlineCellInfo.h; sourceTree = "<group>"; };
		CBD6493B212DAA77004E8098 /* TangramInlineCellInfo.m */ = {isa = PBXFileReference; lastKnownFileType = sourcecode.c.objc; path = TangramInlineCellInfo.m; sourceTree = "<group>"; };
		CBD6493D212F094A004E8098 /* DemoViewController.h */ = {isa = PBXFileReference; lastKnownFileType = sourcecode.c.h; path = DemoViewController.h; sourceTree = "<group>"; };
		CBD6493E212F094A004E8098 /* DemoViewController.m */ = {isa = PBXFileReference; lastKnownFileType = sourcecode.c.objc; path = DemoViewController.m; sourceTree = "<group>"; };
		ED60A47DBD7B5D406656A6FF /* libPods-TextureTangramTests.a */ = {isa = PBXFileReference; explicitFileType = archive.ar; includeInIndex = 0; path = "libPods-TextureTangramTests.a"; sourceTree = BUILT_PRODUCTS_DIR; };
		F7DAAD2A7B0A10FCEFC3B62B /* Pods-TextureTangramTests.debug.xcconfig */ = {isa = PBXFileReference; includeInIndex = 1; lastKnownFileType = text.xcconfig; name = "Pods-TextureTangramTests.debug.xcconfig"; path = "Pods/Target Support Files/Pods-TextureTangramTests/Pods-TextureTangramTests.debug.xcconfig"; sourceTree = "<group>"; };
		FB84F3E7791079E708BF191E /* Pods-TextureTangram.release.xcconfig */ = {isa = PBXFileReference; includeInIndex = 1; lastKnownFileType = text.xcconfig; name = "Pods-TextureTangram.release.xcconfig"; path = "Pods/Target Support Files/Pods-TextureTangram/Pods-TextureTangram.release.xcconfig"; sourceTree = "<group>"; };
/* End PBXFileReference section */

/* Begin PBXFrameworksBuildPhase section */
		BCBA27222118457D00E8C0AD /* Frameworks */ = {
			isa = PBXFrameworksBuildPhase;
			buildActionMask = 2147483647;
			files = (
				2F852D7DA9FC97BCFD9E7B48 /* libPods-TextureTangram.a in Frameworks */,
			);
			runOnlyForDeploymentPostprocessing = 0;
		};
		BCBA273A2118458000E8C0AD /* Frameworks */ = {
			isa = PBXFrameworksBuildPhase;
			buildActionMask = 2147483647;
			files = (
				E77958A0D5E05468FC7F7104 /* libPods-TextureTangramTests.a in Frameworks */,
			);
			runOnlyForDeploymentPostprocessing = 0;
		};
/* End PBXFrameworksBuildPhase section */

/* Begin PBXGroup section */
		708B9DC29F12974BD5EFB7A4 /* Frameworks */ = {
			isa = PBXGroup;
			children = (
				3F7BE0EF20EC4EA75CCB5038 /* libPods-TextureTangram.a */,
				ED60A47DBD7B5D406656A6FF /* libPods-TextureTangramTests.a */,
			);
			name = Frameworks;
			sourceTree = "<group>";
		};
		A703CCA7AEAEBA564E71E7CD /* Pods */ = {
			isa = PBXGroup;
			children = (
				88950BE613CEB6E77CBDBAD2 /* Pods-TextureTangram.debug.xcconfig */,
				FB84F3E7791079E708BF191E /* Pods-TextureTangram.release.xcconfig */,
				F7DAAD2A7B0A10FCEFC3B62B /* Pods-TextureTangramTests.debug.xcconfig */,
				B5624ABFABBA8BF96F11636A /* Pods-TextureTangramTests.release.xcconfig */,
			);
			name = Pods;
			sourceTree = "<group>";
		};
		BC0B31D8212E987F00871CE1 /* Grid Layout */ = {
			isa = PBXGroup;
			children = (
				BC43AF5621216E5400A2B9DE /* TangramGridLayoutComponet.h */,
				BC43AF5721216E5500A2B9DE /* TangramGridLayoutComponet.m */,
			);
			path = "Grid Layout";
			sourceTree = "<group>";
		};
		BC0B31D9212E988700871CE1 /* Waterflow Layout */ = {
			isa = PBXGroup;
			children = (
				BCDD2A312123FDA000BFFA37 /* TangramWaterFlowLayoutComponent.h */,
				BCDD2A322123FDA000BFFA37 /* TangramWaterFlowLayoutComponent.m */,
			);
			path = "Waterflow Layout";
			sourceTree = "<group>";
		};
		BC0B31DA212E989100871CE1 /* 1+N */ = {
			isa = PBXGroup;
			children = (
				CB3F0F3421244D2D005B0AE5 /* TangramOnePlusLayoutComponent.h */,
				CB3F0F3521244D2D005B0AE5 /* TangramOnePlusLayoutComponent.m */,
			);
			path = "1+N";
			sourceTree = "<group>";
		};
		BC0B31DB212E989B00871CE1 /* Inline Layout */ = {
			isa = PBXGroup;
			children = (
				BC0B31DF212E9B3900871CE1 /* Base */,
				BC0B31E0212E9B4100871CE1 /* Horizontal Scrollable */,
			);
			path = "Inline Layout";
			sourceTree = "<group>";
		};
		BC0B31DF212E9B3900871CE1 /* Base */ = {
			isa = PBXGroup;
			children = (
				CBD6493A212DAA77004E8098 /* TangramInlineCellInfo.h */,
				CBD6493B212DAA77004E8098 /* TangramInlineCellInfo.m */,
				BC0B31DC212E9A9A00871CE1 /* TangramInlineLayoutComponent.h */,
				BC0B31DD212E9A9A00871CE1 /* TangramInlineLayoutComponent.m */,
			);
			path = Base;
			sourceTree = "<group>";
		};
		BC0B31E0212E9B4100871CE1 /* Horizontal Scrollable */ = {
			isa = PBXGroup;
			children = (
				CBD64934212D9F1B004E8098 /* TangramHorizontalInlineLayoutComponent.h */,
				CBD64935212D9F1B004E8098 /* TangramHorizontalInlineLayoutComponent.m */,
				CBD64937212DA92D004E8098 /* TangramInlineHorizontalScrollableNode.h */,
				CBD64938212DA92D004E8098 /* TangramInlineHorizontalScrollableNode.m */,
			);
			path = "Horizontal Scrollable";
			sourceTree = "<group>";
		};
		BCBA271C2118457D00E8C0AD = {
			isa = PBXGroup;
			children = (
				BCDD2A4221256F3100BFFA37 /* README.md */,
				BCBA27272118457D00E8C0AD /* TextureTangram */,
				BCBA27402118458000E8C0AD /* TextureTangramTests */,
				BCBA27262118457D00E8C0AD /* Products */,
				A703CCA7AEAEBA564E71E7CD /* Pods */,
				708B9DC29F12974BD5EFB7A4 /* Frameworks */,
			);
			sourceTree = "<group>";
		};
		BCBA27262118457D00E8C0AD /* Products */ = {
			isa = PBXGroup;
			children = (
				BCBA27252118457D00E8C0AD /* TextureTangram.app */,
				BCBA273D2118458000E8C0AD /* TextureTangramTests.xctest */,
			);
			name = Products;
			sourceTree = "<group>";
		};
		BCBA27272118457D00E8C0AD /* TextureTangram */ = {
			isa = PBXGroup;
			children = (
				CB01B8EA212069AA00DD9BE7 /* Core */,
				BCBA27282118457D00E8C0AD /* AppDelegate.h */,
				BCBA27292118457D00E8C0AD /* AppDelegate.m */,
				CBD6493D212F094A004E8098 /* DemoViewController.h */,
				CBD6493E212F094A004E8098 /* DemoViewController.m */,
				CBD64928212C53E6004E8098 /* ColorWithInnerTextInfo.h */,
				CBD64929212C53E7004E8098 /* ColorWithInnerTextInfo.m */,
				CBD64925212C5390004E8098 /* ColorWithInnerTextNode.h */,
				CBD64926212C5390004E8098 /* ColorWithInnerTextNode.m */,
				CB3F0F3121232621005B0AE5 /* ColorfulNodeInfo.h */,
				CB3F0F3221232621005B0AE5 /* ColorfulNodeInfo.m */,
				CB3F0F2E212325B6005B0AE5 /* ColorfulCellNode.h */,
				CB3F0F2F212325B7005B0AE5 /* ColorfulCellNode.m */,
				BCBA27312118458000E8C0AD /* Assets.xcassets */,
				BCBA27332118458000E8C0AD /* LaunchScreen.storyboard */,
				BCBA27362118458000E8C0AD /* Info.plist */,
				BCBA27372118458000E8C0AD /* main.m */,
			);
			path = TextureTangram;
			sourceTree = "<group>";
		};
		BCBA27402118458000E8C0AD /* TextureTangramTests */ = {
			isa = PBXGroup;
			children = (
				BCBA27412118458000E8C0AD /* TextureTangramTests.m */,
				BCBA27432118458000E8C0AD /* Info.plist */,
			);
			path = TextureTangramTests;
			sourceTree = "<group>";
		};
		CB01B8EA212069AA00DD9BE7 /* Core */ = {
			isa = PBXGroup;
			children = (
				BCBA272B2118457D00E8C0AD /* TangramNode.h */,
				BCBA272C2118457D00E8C0AD /* TangramNode.m */,
				CB3F0F382124618C005B0AE5 /* Base */,
				CB3F0F3721244D35005B0AE5 /* Build-in Layouts */,
			);
			path = Core;
			sourceTree = "<group>";
		};
		CB3F0F3721244D35005B0AE5 /* Build-in Layouts */ = {
			isa = PBXGroup;
			children = (
				BC0B31D8212E987F00871CE1 /* Grid Layout */,
				BC0B31D9212E988700871CE1 /* Waterflow Layout */,
				BC0B31DA212E989100871CE1 /* 1+N */,
				BC0B31DB212E989B00871CE1 /* Inline Layout */,
			);
			path = "Build-in Layouts";
			sourceTree = "<group>";
		};
		CB3F0F382124618C005B0AE5 /* Base */ = {
			isa = PBXGroup;
			children = (
				CBD64931212C5F34004E8098 /* TangramItemNode.h */,
				CBD64932212C5F34004E8098 /* TangramItemNode.m */,
				CB01B8EB212069FD00DD9BE7 /* TangramCollectionViewLayout.h */,
				CB01B8EC212069FD00DD9BE7 /* TangramCollectionViewLayout.m */,
				BC43AF55212162E900A2B9DE /* TangramComponentDescriptor.h */,
				CBD6492C212C56AB004E8098 /* TangramComponentDescriptor.m */,
				BC43AF52212159E700A2B9DE /* TangramLayoutComponent.h */,
				BC43AF53212159E700A2B9DE /* TangramLayoutComponent.m */,
				CBD6492E212C5964004E8098 /* TangramNodeRegistry.h */,
				CBD6492F212C5964004E8098 /* TangramNodeRegistry.m */,
			);
			path = Base;
			sourceTree = "<group>";
		};
/* End PBXGroup section */

/* Begin PBXNativeTarget section */
		BCBA27242118457D00E8C0AD /* TextureTangram */ = {
			isa = PBXNativeTarget;
			buildConfigurationList = BCBA27462118458000E8C0AD /* Build configuration list for PBXNativeTarget "TextureTangram" */;
			buildPhases = (
				F4C2D8E1EA19BF0826048178 /* [CP] Check Pods Manifest.lock */,
				BCBA27212118457D00E8C0AD /* Sources */,
				BCBA27222118457D00E8C0AD /* Frameworks */,
				BCBA27232118457D00E8C0AD /* Resources */,
			);
			buildRules = (
			);
			dependencies = (
			);
			name = TextureTangram;
			productName = TextureTangram;
			productReference = BCBA27252118457D00E8C0AD /* TextureTangram.app */;
			productType = "com.apple.product-type.application";
		};
		BCBA273C2118458000E8C0AD /* TextureTangramTests */ = {
			isa = PBXNativeTarget;
			buildConfigurationList = BCBA27492118458000E8C0AD /* Build configuration list for PBXNativeTarget "TextureTangramTests" */;
			buildPhases = (
				4237ED2FE0BD171DB28C4509 /* [CP] Check Pods Manifest.lock */,
				BCBA27392118458000E8C0AD /* Sources */,
				BCBA273A2118458000E8C0AD /* Frameworks */,
				BCBA273B2118458000E8C0AD /* Resources */,
			);
			buildRules = (
			);
			dependencies = (
				BCBA273F2118458000E8C0AD /* PBXTargetDependency */,
			);
			name = TextureTangramTests;
			productName = TextureTangramTests;
			productReference = BCBA273D2118458000E8C0AD /* TextureTangramTests.xctest */;
			productType = "com.apple.product-type.bundle.unit-test";
		};
/* End PBXNativeTarget section */

/* Begin PBXProject section */
		BCBA271D2118457D00E8C0AD /* Project object */ = {
			isa = PBXProject;
			attributes = {
				LastUpgradeCheck = 0930;
				ORGANIZATIONNAME = ZZinKin;
				TargetAttributes = {
					BCBA27242118457D00E8C0AD = {
						CreatedOnToolsVersion = 9.3;
					};
					BCBA273C2118458000E8C0AD = {
						CreatedOnToolsVersion = 9.3;
						TestTargetID = BCBA27242118457D00E8C0AD;
					};
				};
			};
			buildConfigurationList = BCBA27202118457D00E8C0AD /* Build configuration list for PBXProject "TextureTangram" */;
			compatibilityVersion = "Xcode 9.3";
			developmentRegion = en;
			hasScannedForEncodings = 0;
			knownRegions = (
				en,
				Base,
			);
			mainGroup = BCBA271C2118457D00E8C0AD;
			productRefGroup = BCBA27262118457D00E8C0AD /* Products */;
			projectDirPath = "";
			projectRoot = "";
			targets = (
				BCBA27242118457D00E8C0AD /* TextureTangram */,
				BCBA273C2118458000E8C0AD /* TextureTangramTests */,
			);
		};
/* End PBXProject section */

/* Begin PBXResourcesBuildPhase section */
		BCBA27232118457D00E8C0AD /* Resources */ = {
			isa = PBXResourcesBuildPhase;
			buildActionMask = 2147483647;
			files = (
				BCBA27352118458000E8C0AD /* LaunchScreen.storyboard in Resources */,
				BCBA27322118458000E8C0AD /* Assets.xcassets in Resources */,
			);
			runOnlyForDeploymentPostprocessing = 0;
		};
		BCBA273B2118458000E8C0AD /* Resources */ = {
			isa = PBXResourcesBuildPhase;
			buildActionMask = 2147483647;
			files = (
			);
			runOnlyForDeploymentPostprocessing = 0;
		};
/* End PBXResourcesBuildPhase section */

/* Begin PBXShellScriptBuildPhase section */
		4237ED2FE0BD171DB28C4509 /* [CP] Check Pods Manifest.lock */ = {
			isa = PBXShellScriptBuildPhase;
			buildActionMask = 2147483647;
			files = (
			);
			inputPaths = (
				"${PODS_PODFILE_DIR_PATH}/Podfile.lock",
				"${PODS_ROOT}/Manifest.lock",
			);
			name = "[CP] Check Pods Manifest.lock";
			outputPaths = (
				"$(DERIVED_FILE_DIR)/Pods-TextureTangramTests-checkManifestLockResult.txt",
			);
			runOnlyForDeploymentPostprocessing = 0;
			shellPath = /bin/sh;
			shellScript = "diff \"${PODS_PODFILE_DIR_PATH}/Podfile.lock\" \"${PODS_ROOT}/Manifest.lock\" > /dev/null\nif [ $? != 0 ] ; then\n    # print error to STDERR\n    echo \"error: The sandbox is not in sync with the Podfile.lock. Run 'pod install' or update your CocoaPods installation.\" >&2\n    exit 1\nfi\n# This output is used by Xcode 'outputs' to avoid re-running this script phase.\necho \"SUCCESS\" > \"${SCRIPT_OUTPUT_FILE_0}\"\n";
			showEnvVarsInLog = 0;
		};
		F4C2D8E1EA19BF0826048178 /* [CP] Check Pods Manifest.lock */ = {
			isa = PBXShellScriptBuildPhase;
			buildActionMask = 2147483647;
			files = (
			);
			inputPaths = (
				"${PODS_PODFILE_DIR_PATH}/Podfile.lock",
				"${PODS_ROOT}/Manifest.lock",
			);
			name = "[CP] Check Pods Manifest.lock";
			outputPaths = (
				"$(DERIVED_FILE_DIR)/Pods-TextureTangram-checkManifestLockResult.txt",
			);
			runOnlyForDeploymentPostprocessing = 0;
			shellPath = /bin/sh;
			shellScript = "diff \"${PODS_PODFILE_DIR_PATH}/Podfile.lock\" \"${PODS_ROOT}/Manifest.lock\" > /dev/null\nif [ $? != 0 ] ; then\n    # print error to STDERR\n    echo \"error: The sandbox is not in sync with the Podfile.lock. Run 'pod install' or update your CocoaPods installation.\" >&2\n    exit 1\nfi\n# This output is used by Xcode 'outputs' to avoid re-running this script phase.\necho \"SUCCESS\" > \"${SCRIPT_OUTPUT_FILE_0}\"\n";
			showEnvVarsInLog = 0;
		};
/* End PBXShellScriptBuildPhase section */

/* Begin PBXSourcesBuildPhase section */
		BCBA27212118457D00E8C0AD /* Sources */ = {
			isa = PBXSourcesBuildPhase;
			buildActionMask = 2147483647;
			files = (
				BCBA272D2118457D00E8C0AD /* TangramNode.m in Sources */,
				CBD6492A212C53E7004E8098 /* ColorWithInnerTextInfo.m in Sources */,
				CB3F0F3321232621005B0AE5 /* ColorfulNodeInfo.m in Sources */,
				CBD6493F212F094A004E8098 /* DemoViewController.m in Sources */,
				BC43AF5821216E5500A2B9DE /* TangramGridLayoutComponet.m in Sources */,
				BCBA27382118458000E8C0AD /* main.m in Sources */,
				BCBA272A2118457D00E8C0AD /* AppDelegate.m in Sources */,
				CBD64927212C5390004E8098 /* ColorWithInnerTextNode.m in Sources */,
				CBD6493C212DAA77004E8098 /* TangramInlineCellInfo.m in Sources */,
				CBD6492D212C56AB004E8098 /* TangramComponentDescriptor.m in Sources */,
				CB3F0F30212325B7005B0AE5 /* ColorfulCellNode.m in Sources */,
				CBD64930212C5964004E8098 /* TangramNodeRegistry.m in Sources */,
				CBD64936212D9F1B004E8098 /* TangramHorizontalInlineLayoutComponent.m in Sources */,
				CBD64939212DA92D004E8098 /* TangramInlineHorizontalScrollableNode.m in Sources */,
				CB01B8ED212069FD00DD9BE7 /* TangramCollectionViewLayout.m in Sources */,
				BCDD2A332123FDA000BFFA37 /* TangramWaterFlowLayoutComponent.m in Sources */,
				BC0B31DE212E9A9A00871CE1 /* TangramInlineLayoutComponent.m in Sources */,
				BC43AF54212159E700A2B9DE /* TangramLayoutComponent.m in Sources */,
				CBD64933212C5F34004E8098 /* TangramItemNode.m in Sources */,
				CB3F0F3621244D2D005B0AE5 /* TangramOnePlusLayoutComponent.m in Sources */,
			);
			runOnlyForDeploymentPostprocessing = 0;
		};
		BCBA27392118458000E8C0AD /* Sources */ = {
			isa = PBXSourcesBuildPhase;
			buildActionMask = 2147483647;
			files = (
				BCBA27422118458000E8C0AD /* TextureTangramTests.m in Sources */,
			);
			runOnlyForDeploymentPostprocessing = 0;
		};
/* End PBXSourcesBuildPhase section */

/* Begin PBXTargetDependency section */
		BCBA273F2118458000E8C0AD /* PBXTargetDependency */ = {
			isa = PBXTargetDependency;
			target = BCBA27242118457D00E8C0AD /* TextureTangram */;
			targetProxy = BCBA273E2118458000E8C0AD /* PBXContainerItemProxy */;
		};
/* End PBXTargetDependency section */

/* Begin PBXVariantGroup section */
		BCBA27332118458000E8C0AD /* LaunchScreen.storyboard */ = {
			isa = PBXVariantGroup;
			children = (
				BCBA27342118458000E8C0AD /* Base */,
			);
			name = LaunchScreen.storyboard;
			sourceTree = "<group>";
		};
/* End PBXVariantGroup section */

/* Begin XCBuildConfiguration section */
		BCBA27442118458000E8C0AD /* Debug */ = {
			isa = XCBuildConfiguration;
			buildSettings = {
				ALWAYS_SEARCH_USER_PATHS = NO;
				CLANG_ANALYZER_NONNULL = YES;
				CLANG_ANALYZER_NUMBER_OBJECT_CONVERSION = YES_AGGRESSIVE;
				CLANG_CXX_LANGUAGE_STANDARD = "gnu++14";
				CLANG_CXX_LIBRARY = "libc++";
				CLANG_ENABLE_MODULES = YES;
				CLANG_ENABLE_OBJC_ARC = YES;
				CLANG_ENABLE_OBJC_WEAK = YES;
				CLANG_WARN_BLOCK_CAPTURE_AUTORELEASING = YES;
				CLANG_WARN_BOOL_CONVERSION = YES;
				CLANG_WARN_COMMA = YES;
				CLANG_WARN_CONSTANT_CONVERSION = YES;
				CLANG_WARN_DEPRECATED_OBJC_IMPLEMENTATIONS = YES;
				CLANG_WARN_DIRECT_OBJC_ISA_USAGE = YES_ERROR;
				CLANG_WARN_DOCUMENTATION_COMMENTS = YES;
				CLANG_WARN_EMPTY_BODY = YES;
				CLANG_WARN_ENUM_CONVERSION = YES;
				CLANG_WARN_INFINITE_RECURSION = YES;
				CLANG_WARN_INT_CONVERSION = YES;
				CLANG_WARN_NON_LITERAL_NULL_CONVERSION = YES;
				CLANG_WARN_OBJC_IMPLICIT_RETAIN_SELF = YES;
				CLANG_WARN_OBJC_LITERAL_CONVERSION = YES;
				CLANG_WARN_OBJC_ROOT_CLASS = YES_ERROR;
				CLANG_WARN_RANGE_LOOP_ANALYSIS = YES;
				CLANG_WARN_STRICT_PROTOTYPES = YES;
				CLANG_WARN_SUSPICIOUS_MOVE = YES;
				CLANG_WARN_UNGUARDED_AVAILABILITY = YES_AGGRESSIVE;
				CLANG_WARN_UNREACHABLE_CODE = YES;
				CLANG_WARN__DUPLICATE_METHOD_MATCH = YES;
				CODE_SIGN_IDENTITY = "iPhone Developer";
				COPY_PHASE_STRIP = NO;
				DEBUG_INFORMATION_FORMAT = dwarf;
				ENABLE_STRICT_OBJC_MSGSEND = YES;
				ENABLE_TESTABILITY = YES;
				GCC_C_LANGUAGE_STANDARD = gnu11;
				GCC_DYNAMIC_NO_PIC = NO;
				GCC_NO_COMMON_BLOCKS = YES;
				GCC_OPTIMIZATION_LEVEL = 0;
				GCC_PREPROCESSOR_DEFINITIONS = (
					"DEBUG=1",
					"$(inherited)",
				);
				GCC_WARN_64_TO_32_BIT_CONVERSION = YES;
				GCC_WARN_ABOUT_RETURN_TYPE = YES_ERROR;
				GCC_WARN_UNDECLARED_SELECTOR = YES;
				GCC_WARN_UNINITIALIZED_AUTOS = YES_AGGRESSIVE;
				GCC_WARN_UNUSED_FUNCTION = YES;
				GCC_WARN_UNUSED_VARIABLE = YES;
				IPHONEOS_DEPLOYMENT_TARGET = 11.3;
				MTL_ENABLE_DEBUG_INFO = YES;
				ONLY_ACTIVE_ARCH = YES;
				SDKROOT = iphoneos;
			};
			name = Debug;
		};
		BCBA27452118458000E8C0AD /* Release */ = {
			isa = XCBuildConfiguration;
			buildSettings = {
				ALWAYS_SEARCH_USER_PATHS = NO;
				CLANG_ANALYZER_NONNULL = YES;
				CLANG_ANALYZER_NUMBER_OBJECT_CONVERSION = YES_AGGRESSIVE;
				CLANG_CXX_LANGUAGE_STANDARD = "gnu++14";
				CLANG_CXX_LIBRARY = "libc++";
				CLANG_ENABLE_MODULES = YES;
				CLANG_ENABLE_OBJC_ARC = YES;
				CLANG_ENABLE_OBJC_WEAK = YES;
				CLANG_WARN_BLOCK_CAPTURE_AUTORELEASING = YES;
				CLANG_WARN_BOOL_CONVERSION = YES;
				CLANG_WARN_COMMA = YES;
				CLANG_WARN_CONSTANT_CONVERSION = YES;
				CLANG_WARN_DEPRECATED_OBJC_IMPLEMENTATIONS = YES;
				CLANG_WARN_DIRECT_OBJC_ISA_USAGE = YES_ERROR;
				CLANG_WARN_DOCUMENTATION_COMMENTS = YES;
				CLANG_WARN_EMPTY_BODY = YES;
				CLANG_WARN_ENUM_CONVERSION = YES;
				CLANG_WARN_INFINITE_RECURSION = YES;
				CLANG_WARN_INT_CONVERSION = YES;
				CLANG_WARN_NON_LITERAL_NULL_CONVERSION = YES;
				CLANG_WARN_OBJC_IMPLICIT_RETAIN_SELF = YES;
				CLANG_WARN_OBJC_LITERAL_CONVERSION = YES;
				CLANG_WARN_OBJC_ROOT_CLASS = YES_ERROR;
				CLANG_WARN_RANGE_LOOP_ANALYSIS = YES;
				CLANG_WARN_STRICT_PROTOTYPES = YES;
				CLANG_WARN_SUSPICIOUS_MOVE = YES;
				CLANG_WARN_UNGUARDED_AVAILABILITY = YES_AGGRESSIVE;
				CLANG_WARN_UNREACHABLE_CODE = YES;
				CLANG_WARN__DUPLICATE_METHOD_MATCH = YES;
				CODE_SIGN_IDENTITY = "iPhone Developer";
				COPY_PHASE_STRIP = NO;
				DEBUG_INFORMATION_FORMAT = "dwarf-with-dsym";
				ENABLE_NS_ASSERTIONS = NO;
				ENABLE_STRICT_OBJC_MSGSEND = YES;
				GCC_C_LANGUAGE_STANDARD = gnu11;
				GCC_NO_COMMON_BLOCKS = YES;
				GCC_WARN_64_TO_32_BIT_CONVERSION = YES;
				GCC_WARN_ABOUT_RETURN_TYPE = YES_ERROR;
				GCC_WARN_UNDECLARED_SELECTOR = YES;
				GCC_WARN_UNINITIALIZED_AUTOS = YES_AGGRESSIVE;
				GCC_WARN_UNUSED_FUNCTION = YES;
				GCC_WARN_UNUSED_VARIABLE = YES;
				IPHONEOS_DEPLOYMENT_TARGET = 11.3;
				MTL_ENABLE_DEBUG_INFO = NO;
				SDKROOT = iphoneos;
				VALIDATE_PRODUCT = YES;
			};
			name = Release;
		};
		BCBA27472118458000E8C0AD /* Debug */ = {
			isa = XCBuildConfiguration;
			baseConfigurationReference = 88950BE613CEB6E77CBDBAD2 /* Pods-TextureTangram.debug.xcconfig */;
			buildSettings = {
				ASSETCATALOG_COMPILER_APPICON_NAME = AppIcon;
				CODE_SIGN_IDENTITY = "iPhone Developer";
				CODE_SIGN_STYLE = Automatic;
				DEVELOPMENT_TEAM = 65U732MLC9;
				INFOPLIST_FILE = TextureTangram/Info.plist;
				IPHONEOS_DEPLOYMENT_TARGET = 9.0;
				LD_RUNPATH_SEARCH_PATHS = (
					"$(inherited)",
					"@executable_path/Frameworks",
				);
				PRODUCT_BUNDLE_IDENTIFIER = chaolong.TextureTangram;
				PRODUCT_NAME = "$(TARGET_NAME)";
				PROVISIONING_PROFILE_SPECIFIER = "";
				TARGETED_DEVICE_FAMILY = "1,2";
			};
			name = Debug;
		};
		BCBA27482118458000E8C0AD /* Release */ = {
			isa = XCBuildConfiguration;
			baseConfigurationReference = FB84F3E7791079E708BF191E /* Pods-TextureTangram.release.xcconfig */;
			buildSettings = {
				ASSETCATALOG_COMPILER_APPICON_NAME = AppIcon;
				CODE_SIGN_IDENTITY = "iPhone Developer";
				CODE_SIGN_STYLE = Automatic;
				DEVELOPMENT_TEAM = 65U732MLC9;
				INFOPLIST_FILE = TextureTangram/Info.plist;
				IPHONEOS_DEPLOYMENT_TARGET = 9.0;
				LD_RUNPATH_SEARCH_PATHS = (
					"$(inherited)",
					"@executable_path/Frameworks",
				);
				PRODUCT_BUNDLE_IDENTIFIER = chaolong.TextureTangram;
				PRODUCT_NAME = "$(TARGET_NAME)";
				PROVISIONING_PROFILE_SPECIFIER = "";
				TARGETED_DEVICE_FAMILY = "1,2";
			};
			name = Release;
		};
		BCBA274A2118458000E8C0AD /* Debug */ = {
			isa = XCBuildConfiguration;
			baseConfigurationReference = F7DAAD2A7B0A10FCEFC3B62B /* Pods-TextureTangramTests.debug.xcconfig */;
			buildSettings = {
				BUNDLE_LOADER = "$(TEST_HOST)";
				CODE_SIGN_STYLE = Automatic;
				DEVELOPMENT_TEAM = 65U732MLC9;
				INFOPLIST_FILE = TextureTangramTests/Info.plist;
				LD_RUNPATH_SEARCH_PATHS = (
					"$(inherited)",
					"@executable_path/Frameworks",
					"@loader_path/Frameworks",
				);
				PRODUCT_BUNDLE_IDENTIFIER = chaolong.TextureTangramTests;
				PRODUCT_NAME = "$(TARGET_NAME)";
				TARGETED_DEVICE_FAMILY = "1,2";
				TEST_HOST = "$(BUILT_PRODUCTS_DIR)/TextureTangram.app/TextureTangram";
			};
			name = Debug;
		};
		BCBA274B2118458000E8C0AD /* Release */ = {
			isa = XCBuildConfiguration;
			baseConfigurationReference = B5624ABFABBA8BF96F11636A /* Pods-TextureTangramTests.release.xcconfig */;
			buildSettings = {
				BUNDLE_LOADER = "$(TEST_HOST)";
				CODE_SIGN_STYLE = Automatic;
				DEVELOPMENT_TEAM = 65U732MLC9;
				INFOPLIST_FILE = TextureTangramTests/Info.plist;
				LD_RUNPATH_SEARCH_PATHS = (
					"$(inherited)",
					"@executable_path/Frameworks",
					"@loader_path/Frameworks",
				);
				PRODUCT_BUNDLE_IDENTIFIER = chaolong.TextureTangramTests;
				PRODUCT_NAME = "$(TARGET_NAME)";
				TARGETED_DEVICE_FAMILY = "1,2";
				TEST_HOST = "$(BUILT_PRODUCTS_DIR)/TextureTangram.app/TextureTangram";
			};
			name = Release;
		};
/* End XCBuildConfiguration section */

/* Begin XCConfigurationList section */
		BCBA27202118457D00E8C0AD /* Build configuration list for PBXProject "TextureTangram" */ = {
			isa = XCConfigurationList;
			buildConfigurations = (
				BCBA27442118458000E8C0AD /* Debug */,
				BCBA27452118458000E8C0AD /* Release */,
			);
			defaultConfigurationIsVisible = 0;
			defaultConfigurationName = Release;
		};
		BCBA27462118458000E8C0AD /* Build configuration list for PBXNativeTarget "TextureTangram" */ = {
			isa = XCConfigurationList;
			buildConfigurations = (
				BCBA27472118458000E8C0AD /* Debug */,
				BCBA27482118458000E8C0AD /* Release */,
			);
			defaultConfigurationIsVisible = 0;
			defaultConfigurationName = Release;
		};
		BCBA27492118458000E8C0AD /* Build configuration list for PBXNativeTarget "TextureTangramTests" */ = {
			isa = XCConfigurationList;
			buildConfigurations = (
				BCBA274A2118458000E8C0AD /* Debug */,
				BCBA274B2118458000E8C0AD /* Release */,
			);
			defaultConfigurationIsVisible = 0;
			defaultConfigurationName = Release;
		};
/* End XCConfigurationList section */
	};
	rootObject = BCBA271D2118457D00E8C0AD /* Project object */;
}
